
Microsoft Visual Studio Solution File, Format Version 12.00
# Visual Studio 15
VisualStudioVersion = 15.0.27703.2018
MinimumVisualStudioVersion = 10.0.40219.1
Project("{888888A0-9F3D-457C-B088-3A5042F75D52}") = "github_scraper", "github_scraper\github_scraper.pyproj", "{E67708E9-B493-45AA-86A8-44C9BB5D3B9F}"
EndProject
Project("{2150E333-8FDC-42A3-9474-1A3956D46DE8}") = "Solution Items", "Solution Items", "{11D877A3-A9AC-4FC7-BA69-AEC31F549DEC}"
	ProjectSection(SolutionItems) = preProject
		github_scraper\github_repo.py = github_scraper\github_repo.py
		github_scraper\repository_database_controller.py = github_scraper\repository_database_controller.py
		github_scraper\selenium_github_scraper.py = github_scraper\selenium_github_scraper.py
	EndProjectSection
EndProject
Global
	GlobalSection(SolutionConfigurationPlatforms) = preSolution
		Debug|Any CPU = Debug|Any CPU
		Release|Any CPU = Release|Any CPU
	EndGlobalSection
	GlobalSection(ProjectConfigurationPlatforms) = postSolution
		{E67708E9-B493-45AA-86A8-44C9BB5D3B9F}.Debug|Any CPU.ActiveCfg = Debug|Any CPU
		{E67708E9-B493-45AA-86A8-44C9BB5D3B9F}.Release|Any CPU.ActiveCfg = Release|Any CPU
	EndGlobalSection
	GlobalSection(SolutionProperties) = preSolution
		HideSolutionNode = FALSE
	EndGlobalSection
	GlobalSection(ExtensibilityGlobals) = postSolution
		SolutionGuid = {59409D85-3DD6-4E4B-A8C8-140D7BDB5F72}
	EndGlobalSection
EndGlobal
